
Microsoft Visual Studio Solution File, Format Version 12.00
# Visual Studio Version 16
VisualStudioVersion = 16.0.29230.47
MinimumVisualStudioVersion = 10.0.40219.1
Project("{FAE04EC0-301F-11D3-BF4B-00C04F79EFBC}") = "Test.Web", "Test.Web\Test.Web.csproj", "{8556546F-86FF-45BE-A106-75A5F00E1625}"
EndProject
Global
	GlobalSection(SolutionConfigurationPlatforms) = preSolution
		Debug|Any CPU = Debug|Any CPU
		Release|Any CPU = Release|Any CPU
	EndGlobalSection
	GlobalSection(ProjectConfigurationPlatforms) = postSolution
		{8556546F-86FF-45BE-A106-75A5F00E1625}.Debug|Any CPU.ActiveCfg = Debug|Any CPU
		{8556546F-86FF-45BE-A106-75A5F00E1625}.Debug|Any CPU.Build.0 = Debug|Any CPU
		{8556546F-86FF-45BE-A106-75A5F00E1625}.Release|Any CPU.ActiveCfg = Release|Any CPU
		{8556546F-86FF-45BE-A106-75A5F00E1625}.Release|Any CPU.Build.0 = Release|Any CPU
	EndGlobalSection
	GlobalSection(SolutionProperties) = preSolution
		HideSolutionNode = FALSE
	EndGlobalSection
	GlobalSection(ExtensibilityGlobals) = postSolution
		SolutionGuid = {A19E234A-439E-467B-9E51-49CA8FD8BD24}
	EndGlobalSection
EndGlobal
